
Microsoft Visual Studio Solution File, Format Version 12.00
# Visual Studio 15
VisualStudioVersion = 15.0.28010.2048
MinimumVisualStudioVersion = 10.0.40219.1
Project("{9A19103F-16F7-4668-BE54-9A1E7A4F7556}") = "ImpireBuilding", "ImpireBuilding.csproj", "{AC0C5832-E237-4BAB-BB70-FA63DAACB26B}"
EndProject
Project("{9A19103F-16F7-4668-BE54-9A1E7A4F7556}") = "ImoireBuildingTests", "C:\Users\MEBADIBORO\Source\Repos\XUnitTestProject\ImoireBuildingTests.csproj", "{294C7AC2-4CC4-46D6-89C9-BBA22AE1ACC4}"
EndProject
Global
	GlobalSection(SolutionConfigurationPlatforms) = preSolution
		Debug|Any CPU = Debug|Any CPU
		Release|Any CPU = Release|Any CPU
	EndGlobalSection
	GlobalSection(ProjectConfigurationPlatforms) = postSolution
		{AC0C5832-E237-4BAB-BB70-FA63DAACB26B}.Debug|Any CPU.ActiveCfg = Debug|Any CPU
		{AC0C5832-E237-4BAB-BB70-FA63DAACB26B}.Debug|Any CPU.Build.0 = Debug|Any CPU
		{AC0C5832-E237-4BAB-BB70-FA63DAACB26B}.Release|Any CPU.ActiveCfg = Release|Any CPU
		{AC0C5832-E237-4BAB-BB70-FA63DAACB26B}.Release|Any CPU.Build.0 = Release|Any CPU
		{294C7AC2-4CC4-46D6-89C9-BBA22AE1ACC4}.Debug|Any CPU.ActiveCfg = Debug|Any CPU
		{294C7AC2-4CC4-46D6-89C9-BBA22AE1ACC4}.Debug|Any CPU.Build.0 = Debug|Any CPU
		{294C7AC2-4CC4-46D6-89C9-BBA22AE1ACC4}.Release|Any CPU.ActiveCfg = Release|Any CPU
		{294C7AC2-4CC4-46D6-89C9-BBA22AE1ACC4}.Release|Any CPU.Build.0 = Release|Any CPU
	EndGlobalSection
	GlobalSection(SolutionProperties) = preSolution
		HideSolutionNode = FALSE
	EndGlobalSection
	GlobalSection(ExtensibilityGlobals) = postSolution
		SolutionGuid = {3C620422-E263-4FF1-A8F1-21F5B5C990C7}
	EndGlobalSection
EndGlobal
